
Microsoft Visual Studio Solution File, Format Version 12.00
# Visual Studio Version 17
VisualStudioVersion = 17.3.32901.215
MinimumVisualStudioVersion = 10.0.40219.1
Project("{FAE04EC0-301F-11D3-BF4B-00C04F79EFBC}") = "WpfTest", "WpfTest\WpfTest.csproj", "{46821C09-CD31-42DC-B976-ADBBF6C30CED}"
EndProject
Global
	GlobalSection(SolutionConfigurationPlatforms) = preSolution
		Debug|Any CPU = Debug|Any CPU
		Release|Any CPU = Release|Any CPU
	EndGlobalSection
	GlobalSection(ProjectConfigurationPlatforms) = postSolution
		{46821C09-CD31-42DC-B976-ADBBF6C30CED}.Debug|Any CPU.ActiveCfg = Debug|Any CPU
		{46821C09-CD31-42DC-B976-ADBBF6C30CED}.Debug|Any CPU.Build.0 = Debug|Any CPU
		{46821C09-CD31-42DC-B976-ADBBF6C30CED}.Release|Any CPU.ActiveCfg = Release|Any CPU
		{46821C09-CD31-42DC-B976-ADBBF6C30CED}.Release|Any CPU.Build.0 = Release|Any CPU
	EndGlobalSection
	GlobalSection(SolutionProperties) = preSolution
		HideSolutionNode = FALSE
	EndGlobalSection
	GlobalSection(ExtensibilityGlobals) = postSolution
		SolutionGuid = {432D6FB0-D990-4182-BFE4-F0E51C43A6E3}
	EndGlobalSection
EndGlobal
